// !$*UTF8*$!
{
	archiveVersion = 1;
	classes = {
	};
	objectVersion = 46;
	objects = {

/* Begin PBXBuildFile section */
		652524241A157B5100A06C17 /* UFOPositionComponent.swift in Sources */ = {isa = PBXBuildFile; fileRef = 652524231A157B5100A06C17 /* UFOPositionComponent.swift */; };
		653137771A1546D1002453B0 /* UFOSystem.swift in Sources */ = {isa = PBXBuildFile; fileRef = 653137761A1546D1002453B0 /* UFOSystem.swift */; };
		6531377A1A1547C7002453B0 /* UFOUpdatePhase.swift in Sources */ = {isa = PBXBuildFile; fileRef = 653137791A1547C7002453B0 /* UFOUpdatePhase.swift */; };
		6531377D1A154821002453B0 /* UFOScene.swift in Sources */ = {isa = PBXBuildFile; fileRef = 6531377C1A154821002453B0 /* UFOScene.swift */; };
		653137801A154B46002453B0 /* UFOUpdatable.swift in Sources */ = {isa = PBXBuildFile; fileRef = 6531377F1A154B46002453B0 /* UFOUpdatable.swift */; };
		653BBF441A3A3EFB00067B03 /* AnalogStick.swift in Sources */ = {isa = PBXBuildFile; fileRef = 653BBF431A3A3EFB00067B03 /* AnalogStick.swift */; };
		653BBF4A1A3A449200067B03 /* UFOLocalPlayerComponent.swift in Sources */ = {isa = PBXBuildFile; fileRef = 653BBF491A3A449200067B03 /* UFOLocalPlayerComponent.swift */; };
		653BBF4C1A3A464200067B03 /* UFOPlayerControlSystem.swift in Sources */ = {isa = PBXBuildFile; fileRef = 653BBF4B1A3A464200067B03 /* UFOPlayerControlSystem.swift */; };
		65C8E59B1A16C5D40022AB2C /* UFOPhysicsSystem.swift in Sources */ = {isa = PBXBuildFile; fileRef = 65C8E59A1A16C5D40022AB2C /* UFOPhysicsSystem.swift */; };
		65C916451A15655C004C4A9B /* UFORenderingSystem.swift in Sources */ = {isa = PBXBuildFile; fileRef = 65C916441A15655C004C4A9B /* UFORenderingSystem.swift */; };
		65C916471A156AB7004C4A9B /* UFOEntityObserver.swift in Sources */ = {isa = PBXBuildFile; fileRef = 65C916461A156AB7004C4A9B /* UFOEntityObserver.swift */; };
		65C916491A1574D7004C4A9B /* Globals.swift in Sources */ = {isa = PBXBuildFile; fileRef = 65C916481A1574D7004C4A9B /* Globals.swift */; };
		65C9164B1A157560004C4A9B /* UFOEntityFactory.swift in Sources */ = {isa = PBXBuildFile; fileRef = 65C9164A1A157560004C4A9B /* UFOEntityFactory.swift */; };
		65D1EE771A1481C4000FFAFA /* AppDelegate.swift in Sources */ = {isa = PBXBuildFile; fileRef = 65D1EE761A1481C4000FFAFA /* AppDelegate.swift */; };
		65D1EE791A1481C4000FFAFA /* GameScene.sks in Resources */ = {isa = PBXBuildFile; fileRef = 65D1EE781A1481C4000FFAFA /* GameScene.sks */; };
		65D1EE7B1A1481C4000FFAFA /* GameScene.swift in Sources */ = {isa = PBXBuildFile; fileRef = 65D1EE7A1A1481C4000FFAFA /* GameScene.swift */; };
		65D1EE7D1A1481C4000FFAFA /* GameViewController.swift in Sources */ = {isa = PBXBuildFile; fileRef = 65D1EE7C1A1481C4000FFAFA /* GameViewController.swift */; };
		65D1EE801A1481C4000FFAFA /* Main.storyboard in Resources */ = {isa = PBXBuildFile; fileRef = 65D1EE7E1A1481C4000FFAFA /* Main.storyboard */; };
		65D1EE821A1481C4000FFAFA /* Images.xcassets in Resources */ = {isa = PBXBuildFile; fileRef = 65D1EE811A1481C4000FFAFA /* Images.xcassets */; };
		65D1EE851A1481C4000FFAFA /* LaunchScreen.xib in Resources */ = {isa = PBXBuildFile; fileRef = 65D1EE831A1481C4000FFAFA /* LaunchScreen.xib */; };
		65D1EE911A1481C4000FFAFA /* UFO_SportsTests.swift in Sources */ = {isa = PBXBuildFile; fileRef = 65D1EE901A1481C4000FFAFA /* UFO_SportsTests.swift */; };
		65D1EEA01A14836F000FFAFA /* UFOEntity.swift in Sources */ = {isa = PBXBuildFile; fileRef = 65D1EE9F1A14836F000FFAFA /* UFOEntity.swift */; };
		65D1EEA21A148489000FFAFA /* UFOEntityManager.swift in Sources */ = {isa = PBXBuildFile; fileRef = 65D1EEA11A148489000FFAFA /* UFOEntityManager.swift */; };
		65D1EEA41A14857F000FFAFA /* UFORenderComponent.swift in Sources */ = {isa = PBXBuildFile; fileRef = 65D1EEA31A14857F000FFAFA /* UFORenderComponent.swift */; };
		65D1EEA61A1495E8000FFAFA /* UFOComponent.swift in Sources */ = {isa = PBXBuildFile; fileRef = 65D1EEA51A1495E8000FFAFA /* UFOComponent.swift */; };
		7E812CE01A16C63E00D7DA5C /* UFOPhysicsBodyComponent.swift in Sources */ = {isa = PBXBuildFile; fileRef = 7E812CDF1A16C63E00D7DA5C /* UFOPhysicsBodyComponent.swift */; };
/* End PBXBuildFile section */

/* Begin PBXContainerItemProxy section */
		65D1EE8B1A1481C4000FFAFA /* PBXContainerItemProxy */ = {
			isa = PBXContainerItemProxy;
			containerPortal = 65D1EE691A1481C4000FFAFA /* Project object */;
			proxyType = 1;
			remoteGlobalIDString = 65D1EE701A1481C4000FFAFA;
			remoteInfo = "UFO Sports";
		};
/* End PBXContainerItemProxy section */

/* Begin PBXFileReference section */
		652524231A157B5100A06C17 /* UFOPositionComponent.swift */ = {isa = PBXFileReference; fileEncoding = 4; lastKnownFileType = sourcecode.swift; path = UFOPositionComponent.swift; sourceTree = "<group>"; };
		653137761A1546D1002453B0 /* UFOSystem.swift */ = {isa = PBXFileReference; fileEncoding = 4; lastKnownFileType = sourcecode.swift; path = UFOSystem.swift; sourceTree = "<group>"; };
		653137791A1547C7002453B0 /* UFOUpdatePhase.swift */ = {isa = PBXFileReference; fileEncoding = 4; lastKnownFileType = sourcecode.swift; path = UFOUpdatePhase.swift; sourceTree = "<group>"; };
		6531377C1A154821002453B0 /* UFOScene.swift */ = {isa = PBXFileReference; fileEncoding = 4; lastKnownFileType = sourcecode.swift; path = UFOScene.swift; sourceTree = "<group>"; };
		6531377F1A154B46002453B0 /* UFOUpdatable.swift */ = {isa = PBXFileReference; fileEncoding = 4; lastKnownFileType = sourcecode.swift; path = UFOUpdatable.swift; sourceTree = "<group>"; };
		653BBF431A3A3EFB00067B03 /* AnalogStick.swift */ = {isa = PBXFileReference; fileEncoding = 4; lastKnownFileType = sourcecode.swift; path = AnalogStick.swift; sourceTree = "<group>"; };
		653BBF491A3A449200067B03 /* UFOLocalPlayerComponent.swift */ = {isa = PBXFileReference; fileEncoding = 4; lastKnownFileType = sourcecode.swift; path = UFOLocalPlayerComponent.swift; sourceTree = "<group>"; };
		653BBF4B1A3A464200067B03 /* UFOPlayerControlSystem.swift */ = {isa = PBXFileReference; fileEncoding = 4; lastKnownFileType = sourcecode.swift; path = UFOPlayerControlSystem.swift; sourceTree = "<group>"; };
		65C8E59A1A16C5D40022AB2C /* UFOPhysicsSystem.swift */ = {isa = PBXFileReference; fileEncoding = 4; lastKnownFileType = sourcecode.swift; path = UFOPhysicsSystem.swift; sourceTree = "<group>"; };
		65C916441A15655C004C4A9B /* UFORenderingSystem.swift */ = {isa = PBXFileReference; fileEncoding = 4; lastKnownFileType = sourcecode.swift; path = UFORenderingSystem.swift; sourceTree = "<group>"; };
		65C916461A156AB7004C4A9B /* UFOEntityObserver.swift */ = {isa = PBXFileReference; fileEncoding = 4; lastKnownFileType = sourcecode.swift; path = UFOEntityObserver.swift; sourceTree = "<group>"; };
		65C916481A1574D7004C4A9B /* Globals.swift */ = {isa = PBXFileReference; fileEncoding = 4; lastKnownFileType = sourcecode.swift; path = Globals.swift; sourceTree = "<group>"; };
		65C9164A1A157560004C4A9B /* UFOEntityFactory.swift */ = {isa = PBXFileReference; fileEncoding = 4; lastKnownFileType = sourcecode.swift; path = UFOEntityFactory.swift; sourceTree = "<group>"; };
		65D1EE711A1481C4000FFAFA /* UFO Sports.app */ = {isa = PBXFileReference; explicitFileType = wrapper.application; includeInIndex = 0; path = "UFO Sports.app"; sourceTree = BUILT_PRODUCTS_DIR; };
		65D1EE751A1481C4000FFAFA /* Info.plist */ = {isa = PBXFileReference; lastKnownFileType = text.plist.xml; path = Info.plist; sourceTree = "<group>"; };
		65D1EE761A1481C4000FFAFA /* AppDelegate.swift */ = {isa = PBXFileReference; lastKnownFileType = sourcecode.swift; path = AppDelegate.swift; sourceTree = "<group>"; };
		65D1EE781A1481C4000FFAFA /* GameScene.sks */ = {isa = PBXFileReference; lastKnownFileType = file.sks; path = GameScene.sks; sourceTree = "<group>"; };
		65D1EE7A1A1481C4000FFAFA /* GameScene.swift */ = {isa = PBXFileReference; lastKnownFileType = sourcecode.swift; path = GameScene.swift; sourceTree = "<group>"; };
		65D1EE7C1A1481C4000FFAFA /* GameViewController.swift */ = {isa = PBXFileReference; lastKnownFileType = sourcecode.swift; path = GameViewController.swift; sourceTree = "<group>"; };
		65D1EE7F1A1481C4000FFAFA /* Base */ = {isa = PBXFileReference; lastKnownFileType = file.storyboard; name = Base; path = Base.lproj/Main.storyboard; sourceTree = "<group>"; };
		65D1EE811A1481C4000FFAFA /* Images.xcassets */ = {isa = PBXFileReference; lastKnownFileType = folder.assetcatalog; path = Images.xcassets; sourceTree = "<group>"; };
		65D1EE841A1481C4000FFAFA /* Base */ = {isa = PBXFileReference; lastKnownFileType = file.xib; name = Base; path = Base.lproj/LaunchScreen.xib; sourceTree = "<group>"; };
		65D1EE8A1A1481C4000FFAFA /* UFO SportsTests.xctest */ = {isa = PBXFileReference; explicitFileType = wrapper.cfbundle; includeInIndex = 0; path = "UFO SportsTests.xctest"; sourceTree = BUILT_PRODUCTS_DIR; };
		65D1EE8F1A1481C4000FFAFA /* Info.plist */ = {isa = PBXFileReference; lastKnownFileType = text.plist.xml; path = Info.plist; sourceTree = "<group>"; };
		65D1EE901A1481C4000FFAFA /* UFO_SportsTests.swift */ = {isa = PBXFileReference; lastKnownFileType = sourcecode.swift; path = UFO_SportsTests.swift; sourceTree = "<group>"; };
		65D1EE9F1A14836F000FFAFA /* UFOEntity.swift */ = {isa = PBXFileReference; fileEncoding = 4; lastKnownFileType = sourcecode.swift; path = UFOEntity.swift; sourceTree = "<group>"; };
		65D1EEA11A148489000FFAFA /* UFOEntityManager.swift */ = {isa = PBXFileReference; fileEncoding = 4; lastKnownFileType = sourcecode.swift; path = UFOEntityManager.swift; sourceTree = "<group>"; };
		65D1EEA31A14857F000FFAFA /* UFORenderComponent.swift */ = {isa = PBXFileReference; fileEncoding = 4; lastKnownFileType = sourcecode.swift; path = UFORenderComponent.swift; sourceTree = "<group>"; };
		65D1EEA51A1495E8000FFAFA /* UFOComponent.swift */ = {isa = PBXFileReference; fileEncoding = 4; lastKnownFileType = sourcecode.swift; path = UFOComponent.swift; sourceTree = "<group>"; };
		7E812CDF1A16C63E00D7DA5C /* UFOPhysicsBodyComponent.swift */ = {isa = PBXFileReference; fileEncoding = 4; lastKnownFileType = sourcecode.swift; path = UFOPhysicsBodyComponent.swift; sourceTree = "<group>"; };
/* End PBXFileReference section */

/* Begin PBXFrameworksBuildPhase section */
		65D1EE6E1A1481C4000FFAFA /* Frameworks */ = {
			isa = PBXFrameworksBuildPhase;
			buildActionMask = 2147483647;
			files = (
			);
			runOnlyForDeploymentPostprocessing = 0;
		};
		65D1EE871A1481C4000FFAFA /* Frameworks */ = {
			isa = PBXFrameworksBuildPhase;
			buildActionMask = 2147483647;
			files = (
			);
			runOnlyForDeploymentPostprocessing = 0;
		};
/* End PBXFrameworksBuildPhase section */

/* Begin PBXGroup section */
		653137781A1547BD002453B0 /* Enums */ = {
			isa = PBXGroup;
			children = (
				653137791A1547C7002453B0 /* UFOUpdatePhase.swift */,
			);
			name = Enums;
			sourceTree = "<group>";
		};
		6531377B1A15480E002453B0 /* SceneSystem */ = {
			isa = PBXGroup;
			children = (
				6531377C1A154821002453B0 /* UFOScene.swift */,
			);
			name = SceneSystem;
			sourceTree = "<group>";
		};
		6531377E1A154B34002453B0 /* Protocols */ = {
			isa = PBXGroup;
			children = (
				65D1EEA51A1495E8000FFAFA /* UFOComponent.swift */,
				6531377F1A154B46002453B0 /* UFOUpdatable.swift */,
				65C916461A156AB7004C4A9B /* UFOEntityObserver.swift */,
			);
			name = Protocols;
			sourceTree = "<group>";
		};
		65D1EE681A1481C4000FFAFA = {
			isa = PBXGroup;
			children = (
				65D1EE731A1481C4000FFAFA /* UFO Sports */,
				65D1EE8D1A1481C4000FFAFA /* UFO SportsTests */,
				65D1EE721A1481C4000FFAFA /* Products */,
			);
			sourceTree = "<group>";
		};
		65D1EE721A1481C4000FFAFA /* Products */ = {
			isa = PBXGroup;
			children = (
				65D1EE711A1481C4000FFAFA /* UFO Sports.app */,
				65D1EE8A1A1481C4000FFAFA /* UFO SportsTests.xctest */,
			);
			name = Products;
			sourceTree = "<group>";
		};
		65D1EE731A1481C4000FFAFA /* UFO Sports */ = {
			isa = PBXGroup;
			children = (
				6531377E1A154B34002453B0 /* Protocols */,
				6531377B1A15480E002453B0 /* SceneSystem */,
				65D1EE9A1A14832B000FFAFA /* EntitySystem */,
				65D1EE761A1481C4000FFAFA /* AppDelegate.swift */,
				653BBF431A3A3EFB00067B03 /* AnalogStick.swift */,
				65D1EE781A1481C4000FFAFA /* GameScene.sks */,
				65D1EE7A1A1481C4000FFAFA /* GameScene.swift */,
				65D1EE7C1A1481C4000FFAFA /* GameViewController.swift */,
				65D1EE7E1A1481C4000FFAFA /* Main.storyboard */,
				65D1EE811A1481C4000FFAFA /* Images.xcassets */,
				65D1EE831A1481C4000FFAFA /* LaunchScreen.xib */,
				65D1EE741A1481C4000FFAFA /* Supporting Files */,
			);
			path = "UFO Sports";
			sourceTree = "<group>";
		};
		65D1EE741A1481C4000FFAFA /* Supporting Files */ = {
			isa = PBXGroup;
			children = (
				65D1EE751A1481C4000FFAFA /* Info.plist */,
				65C916481A1574D7004C4A9B /* Globals.swift */,
			);
			name = "Supporting Files";
			sourceTree = "<group>";
		};
		65D1EE8D1A1481C4000FFAFA /* UFO SportsTests */ = {
			isa = PBXGroup;
			children = (
				65D1EE901A1481C4000FFAFA /* UFO_SportsTests.swift */,
				65D1EE8E1A1481C4000FFAFA /* Supporting Files */,
			);
			path = "UFO SportsTests";
			sourceTree = "<group>";
		};
		65D1EE8E1A1481C4000FFAFA /* Supporting Files */ = {
			isa = PBXGroup;
			children = (
				65D1EE8F1A1481C4000FFAFA /* Info.plist */,
			);
			name = "Supporting Files";
			sourceTree = "<group>";
		};
		65D1EE9A1A14832B000FFAFA /* EntitySystem */ = {
			isa = PBXGroup;
			children = (
				653137781A1547BD002453B0 /* Enums */,
				65D1EE9E1A14835F000FFAFA /* Framework */,
				65D1EE9D1A148358000FFAFA /* Components */,
				65D1EE9C1A14834E000FFAFA /* Systems */,
			);
			name = EntitySystem;
			sourceTree = "<group>";
		};
		65D1EE9C1A14834E000FFAFA /* Systems */ = {
			isa = PBXGroup;
			children = (
				653137761A1546D1002453B0 /* UFOSystem.swift */,
				65C916441A15655C004C4A9B /* UFORenderingSystem.swift */,
				65C8E59A1A16C5D40022AB2C /* UFOPhysicsSystem.swift */,
				653BBF4B1A3A464200067B03 /* UFOPlayerControlSystem.swift */,
			);
			name = Systems;
			sourceTree = "<group>";
		};
		65D1EE9D1A148358000FFAFA /* Components */ = {
			isa = PBXGroup;
			children = (
				65D1EEA31A14857F000FFAFA /* UFORenderComponent.swift */,
				652524231A157B5100A06C17 /* UFOPositionComponent.swift */,
				7E812CDF1A16C63E00D7DA5C /* UFOPhysicsBodyComponent.swift */,
				653BBF491A3A449200067B03 /* UFOLocalPlayerComponent.swift */,
			);
			name = Components;
			sourceTree = "<group>";
		};
		65D1EE9E1A14835F000FFAFA /* Framework */ = {
			isa = PBXGroup;
			children = (
				65D1EE9F1A14836F000FFAFA /* UFOEntity.swift */,
				65D1EEA11A148489000FFAFA /* UFOEntityManager.swift */,
				65C9164A1A157560004C4A9B /* UFOEntityFactory.swift */,
			);
			name = Framework;
			sourceTree = "<group>";
		};
/* End PBXGroup section */

/* Begin PBXNativeTarget section */
		65D1EE701A1481C4000FFAFA /* UFO Sports */ = {
			isa = PBXNativeTarget;
			buildConfigurationList = 65D1EE941A1481C4000FFAFA /* Build configuration list for PBXNativeTarget "UFO Sports" */;
			buildPhases = (
				65D1EE6D1A1481C4000FFAFA /* Sources */,
				65D1EE6E1A1481C4000FFAFA /* Frameworks */,
				65D1EE6F1A1481C4000FFAFA /* Resources */,
			);
			buildRules = (
			);
			dependencies = (
			);
			name = "UFO Sports";
			productName = "UFO Sports";
			productReference = 65D1EE711A1481C4000FFAFA /* UFO Sports.app */;
			productType = "com.apple.product-type.application";
		};
		65D1EE891A1481C4000FFAFA /* UFO SportsTests */ = {
			isa = PBXNativeTarget;
			buildConfigurationList = 65D1EE971A1481C4000FFAFA /* Build configuration list for PBXNativeTarget "UFO SportsTests" */;
			buildPhases = (
				65D1EE861A1481C4000FFAFA /* Sources */,
				65D1EE871A1481C4000FFAFA /* Frameworks */,
				65D1EE881A1481C4000FFAFA /* Resources */,
			);
			buildRules = (
			);
			dependencies = (
				65D1EE8C1A1481C4000FFAFA /* PBXTargetDependency */,
			);
			name = "UFO SportsTests";
			productName = "UFO SportsTests";
			productReference = 65D1EE8A1A1481C4000FFAFA /* UFO SportsTests.xctest */;
			productType = "com.apple.product-type.bundle.unit-test";
		};
/* End PBXNativeTarget section */

/* Begin PBXProject section */
		65D1EE691A1481C4000FFAFA /* Project object */ = {
			isa = PBXProject;
			attributes = {
				LastUpgradeCheck = 0610;
				ORGANIZATIONNAME = Dramatech;
				TargetAttributes = {
					65D1EE701A1481C4000FFAFA = {
						CreatedOnToolsVersion = 6.1;
						DevelopmentTeam = B337PCH6NQ;
					};
					65D1EE891A1481C4000FFAFA = {
						CreatedOnToolsVersion = 6.1;
						TestTargetID = 65D1EE701A1481C4000FFAFA;
					};
				};
			};
			buildConfigurationList = 65D1EE6C1A1481C4000FFAFA /* Build configuration list for PBXProject "UFO Sports" */;
			compatibilityVersion = "Xcode 3.2";
			developmentRegion = English;
			hasScannedForEncodings = 0;
			knownRegions = (
				en,
				Base,
			);
			mainGroup = 65D1EE681A1481C4000FFAFA;
			productRefGroup = 65D1EE721A1481C4000FFAFA /* Products */;
			projectDirPath = "";
			projectRoot = "";
			targets = (
				65D1EE701A1481C4000FFAFA /* UFO Sports */,
				65D1EE891A1481C4000FFAFA /* UFO SportsTests */,
			);
		};
/* End PBXProject section */

/* Begin PBXResourcesBuildPhase section */
		65D1EE6F1A1481C4000FFAFA /* Resources */ = {
			isa = PBXResourcesBuildPhase;
			buildActionMask = 2147483647;
			files = (
				65D1EE851A1481C4000FFAFA /* LaunchScreen.xib in Resources */,
				65D1EE821A1481C4000FFAFA /* Images.xcassets in Resources */,
				65D1EE791A1481C4000FFAFA /* GameScene.sks in Resources */,
				65D1EE801A1481C4000FFAFA /* Main.storyboard in Resources */,
			);
			runOnlyForDeploymentPostprocessing = 0;
		};
		65D1EE881A1481C4000FFAFA /* Resources */ = {
			isa = PBXResourcesBuildPhase;
			buildActionMask = 2147483647;
			files = (
			);
			runOnlyForDeploymentPostprocessing = 0;
		};
/* End PBXResourcesBuildPhase section */

/* Begin PBXSourcesBuildPhase section */
		65D1EE6D1A1481C4000FFAFA /* Sources */ = {
			isa = PBXSourcesBuildPhase;
			buildActionMask = 2147483647;
			files = (
				65C9164B1A157560004C4A9B /* UFOEntityFactory.swift in Sources */,
				65D1EEA21A148489000FFAFA /* UFOEntityManager.swift in Sources */,
				65C916471A156AB7004C4A9B /* UFOEntityObserver.swift in Sources */,
				6531377A1A1547C7002453B0 /* UFOUpdatePhase.swift in Sources */,
				65D1EEA61A1495E8000FFAFA /* UFOComponent.swift in Sources */,
				65C8E59B1A16C5D40022AB2C /* UFOPhysicsSystem.swift in Sources */,
				653BBF441A3A3EFB00067B03 /* AnalogStick.swift in Sources */,
				65D1EEA01A14836F000FFAFA /* UFOEntity.swift in Sources */,
				65D1EE7B1A1481C4000FFAFA /* GameScene.swift in Sources */,
				653BBF4A1A3A449200067B03 /* UFOLocalPlayerComponent.swift in Sources */,
				653137771A1546D1002453B0 /* UFOSystem.swift in Sources */,
				65D1EE7D1A1481C4000FFAFA /* GameViewController.swift in Sources */,
				653BBF4C1A3A464200067B03 /* UFOPlayerControlSystem.swift in Sources */,
				7E812CE01A16C63E00D7DA5C /* UFOPhysicsBodyComponent.swift in Sources */,
				6531377D1A154821002453B0 /* UFOScene.swift in Sources */,
				65C916451A15655C004C4A9B /* UFORenderingSystem.swift in Sources */,
				652524241A157B5100A06C17 /* UFOPositionComponent.swift in Sources */,
				65D1EE771A1481C4000FFAFA /* AppDelegate.swift in Sources */,
				653137801A154B46002453B0 /* UFOUpdatable.swift in Sources */,
				65C916491A1574D7004C4A9B /* Globals.swift in Sources */,
				65D1EEA41A14857F000FFAFA /* UFORenderComponent.swift in Sources */,
			);
			runOnlyForDeploymentPostprocessing = 0;
		};
		65D1EE861A1481C4000FFAFA /* Sources */ = {
			isa = PBXSourcesBuildPhase;
			buildActionMask = 2147483647;
			files = (
				65D1EE911A1481C4000FFAFA /* UFO_SportsTests.swift in Sources */,
			);
			runOnlyForDeploymentPostprocessing = 0;
		};
/* End PBXSourcesBuildPhase section */

/* Begin PBXTargetDependency section */
		65D1EE8C1A1481C4000FFAFA /* PBXTargetDependency */ = {
			isa = PBXTargetDependency;
			target = 65D1EE701A1481C4000FFAFA /* UFO Sports */;
			targetProxy = 65D1EE8B1A1481C4000FFAFA /* PBXContainerItemProxy */;
		};
/* End PBXTargetDependency section */

/* Begin PBXVariantGroup section */
		65D1EE7E1A1481C4000FFAFA /* Main.storyboard */ = {
			isa = PBXVariantGroup;
			children = (
				65D1EE7F1A1481C4000FFAFA /* Base */,
			);
			name = Main.storyboard;
			sourceTree = "<group>";
		};
		65D1EE831A1481C4000FFAFA /* LaunchScreen.xib */ = {
			isa = PBXVariantGroup;
			children = (
				65D1EE841A1481C4000FFAFA /* Base */,
			);
			name = LaunchScreen.xib;
			sourceTree = "<group>";
		};
/* End PBXVariantGroup section */

/* Begin XCBuildConfiguration section */
		65D1EE921A1481C4000FFAFA /* Debug */ = {
			isa = XCBuildConfiguration;
			buildSettings = {
				ALWAYS_SEARCH_USER_PATHS = NO;
				CLANG_CXX_LANGUAGE_STANDARD = "gnu++0x";
				CLANG_CXX_LIBRARY = "libc++";
				CLANG_ENABLE_MODULES = YES;
				CLANG_ENABLE_OBJC_ARC = YES;
				CLANG_WARN_BOOL_CONVERSION = YES;
				CLANG_WARN_CONSTANT_CONVERSION = YES;
				CLANG_WARN_DIRECT_OBJC_ISA_USAGE = YES_ERROR;
				CLANG_WARN_EMPTY_BODY = YES;
				CLANG_WARN_ENUM_CONVERSION = YES;
				CLANG_WARN_INT_CONVERSION = YES;
				CLANG_WARN_OBJC_ROOT_CLASS = YES_ERROR;
				CLANG_WARN_UNREACHABLE_CODE = YES;
				CLANG_WARN__DUPLICATE_METHOD_MATCH = YES;
				"CODE_SIGN_IDENTITY[sdk=iphoneos*]" = "iPhone Developer";
				COPY_PHASE_STRIP = NO;
				ENABLE_STRICT_OBJC_MSGSEND = YES;
				GCC_C_LANGUAGE_STANDARD = gnu99;
				GCC_DYNAMIC_NO_PIC = NO;
				GCC_OPTIMIZATION_LEVEL = 0;
				GCC_PREPROCESSOR_DEFINITIONS = (
					"DEBUG=1",
					"$(inherited)",
				);
				GCC_SYMBOLS_PRIVATE_EXTERN = NO;
				GCC_WARN_64_TO_32_BIT_CONVERSION = YES;
				GCC_WARN_ABOUT_RETURN_TYPE = YES_ERROR;
				GCC_WARN_UNDECLARED_SELECTOR = YES;
				GCC_WARN_UNINITIALIZED_AUTOS = YES_AGGRESSIVE;
				GCC_WARN_UNUSED_FUNCTION = YES;
				GCC_WARN_UNUSED_VARIABLE = YES;
				IPHONEOS_DEPLOYMENT_TARGET = 8.1;
				MTL_ENABLE_DEBUG_INFO = YES;
				ONLY_ACTIVE_ARCH = YES;
				SDKROOT = iphoneos;
				SWIFT_OPTIMIZATION_LEVEL = "-Onone";
			};
			name = Debug;
		};
		65D1EE931A1481C4000FFAFA /* Release */ = {
			isa = XCBuildConfiguration;
			buildSettings = {
				ALWAYS_SEARCH_USER_PATHS = NO;
				CLANG_CXX_LANGUAGE_STANDARD = "gnu++0x";
				CLANG_CXX_LIBRARY = "libc++";
				CLANG_ENABLE_MODULES = YES;
				CLANG_ENABLE_OBJC_ARC = YES;
				CLANG_WARN_BOOL_CONVERSION = YES;
				CLANG_WARN_CONSTANT_CONVERSION = YES;
				CLANG_WARN_DIRECT_OBJC_ISA_USAGE = YES_ERROR;
				CLANG_WARN_EMPTY_BODY = YES;
				CLANG_WARN_ENUM_CONVERSION = YES;
				CLANG_WARN_INT_CONVERSION = YES;
				CLANG_WARN_OBJC_ROOT_CLASS = YES_ERROR;
				CLANG_WARN_UNREACHABLE_CODE = YES;
				CLANG_WARN__DUPLICATE_METHOD_MATCH = YES;
				"CODE_SIGN_IDENTITY[sdk=iphoneos*]" = "iPhone Developer";
				COPY_PHASE_STRIP = YES;
				ENABLE_NS_ASSERTIONS = NO;
				ENABLE_STRICT_OBJC_MSGSEND = YES;
				GCC_C_LANGUAGE_STANDARD = gnu99;
				GCC_WARN_64_TO_32_BIT_CONVERSION = YES;
				GCC_WARN_ABOUT_RETURN_TYPE = YES_ERROR;
				GCC_WARN_UNDECLARED_SELECTOR = YES;
				GCC_WARN_UNINITIALIZED_AUTOS = YES_AGGRESSIVE;
				GCC_WARN_UNUSED_FUNCTION = YES;
				GCC_WARN_UNUSED_VARIABLE = YES;
				IPHONEOS_DEPLOYMENT_TARGET = 8.1;
				MTL_ENABLE_DEBUG_INFO = NO;
				SDKROOT = iphoneos;
				VALIDATE_PRODUCT = YES;
			};
			name = Release;
		};
		65D1EE951A1481C4000FFAFA /* Debug */ = {
			isa = XCBuildConfiguration;
			buildSettings = {
				ASSETCATALOG_COMPILER_APPICON_NAME = AppIcon;
				CODE_SIGN_IDENTITY = "iPhone Developer";
				"CODE_SIGN_IDENTITY[sdk=iphoneos*]" = "iPhone Developer";
				INFOPLIST_FILE = "UFO Sports/Info.plist";
				IPHONEOS_DEPLOYMENT_TARGET = 8.0;
				LD_RUNPATH_SEARCH_PATHS = "$(inherited) @executable_path/Frameworks";
				PRODUCT_NAME = "$(TARGET_NAME)";
				PROVISIONING_PROFILE = "";
			};
			name = Debug;
		};
		65D1EE961A1481C4000FFAFA /* Release */ = {
			isa = XCBuildConfiguration;
			buildSettings = {
				ASSETCATALOG_COMPILER_APPICON_NAME = AppIcon;
				CODE_SIGN_IDENTITY = "iPhone Developer";
				"CODE_SIGN_IDENTITY[sdk=iphoneos*]" = "iPhone Developer";
				INFOPLIST_FILE = "UFO Sports/Info.plist";
				IPHONEOS_DEPLOYMENT_TARGET = 8.0;
				LD_RUNPATH_SEARCH_PATHS = "$(inherited) @executable_path/Frameworks";
				PRODUCT_NAME = "$(TARGET_NAME)";
				PROVISIONING_PROFILE = "";
			};
			name = Release;
		};
		65D1EE981A1481C4000FFAFA /* Debug */ = {
			isa = XCBuildConfiguration;
			buildSettings = {
				BUNDLE_LOADER = "$(TEST_HOST)";
				FRAMEWORK_SEARCH_PATHS = (
					"$(SDKROOT)/Developer/Library/Frameworks",
					"$(inherited)",
				);
				GCC_PREPROCESSOR_DEFINITIONS = (
					"DEBUG=1",
					"$(inherited)",
				);
				INFOPLIST_FILE = "UFO SportsTests/Info.plist";
				LD_RUNPATH_SEARCH_PATHS = "$(inherited) @executable_path/Frameworks @loader_path/Frameworks";
				PRODUCT_NAME = "$(TARGET_NAME)";
				TEST_HOST = "$(BUILT_PRODUCTS_DIR)/UFO Sports.app/UFO Sports";
			};
			name = Debug;
		};
		65D1EE991A1481C4000FFAFA /* Release */ = {
			isa = XCBuildConfiguration;
			buildSettings = {
				BUNDLE_LOADER = "$(TEST_HOST)";
				FRAMEWORK_SEARCH_PATHS = (
					"$(SDKROOT)/Developer/Library/Frameworks",
					"$(inherited)",
				);
				INFOPLIST_FILE = "UFO SportsTests/Info.plist";
				LD_RUNPATH_SEARCH_PATHS = "$(inherited) @executable_path/Frameworks @loader_path/Frameworks";
				PRODUCT_NAME = "$(TARGET_NAME)";
				TEST_HOST = "$(BUILT_PRODUCTS_DIR)/UFO Sports.app/UFO Sports";
			};
			name = Release;
		};
/* End XCBuildConfiguration section */

/* Begin XCConfigurationList section */
		65D1EE6C1A1481C4000FFAFA /* Build configuration list for PBXProject "UFO Sports" */ = {
			isa = XCConfigurationList;
			buildConfigurations = (
				65D1EE921A1481C4000FFAFA /* Debug */,
				65D1EE931A1481C4000FFAFA /* Release */,
			);
			defaultConfigurationIsVisible = 0;
			defaultConfigurationName = Release;
		};
		65D1EE941A1481C4000FFAFA /* Build configuration list for PBXNativeTarget "UFO Sports" */ = {
			isa = XCConfigurationList;
			buildConfigurations = (
				65D1EE951A1481C4000FFAFA /* Debug */,
				65D1EE961A1481C4000FFAFA /* Release */,
			);
			defaultConfigurationIsVisible = 0;
			defaultConfigurationName = Release;
		};
		65D1EE971A1481C4000FFAFA /* Build configuration list for PBXNativeTarget "UFO SportsTests" */ = {
			isa = XCConfigurationList;
			buildConfigurations = (
				65D1EE981A1481C4000FFAFA /* Debug */,
				65D1EE991A1481C4000FFAFA /* Release */,
			);
			defaultConfigurationIsVisible = 0;
			defaultConfigurationName = Release;
		};
/* End XCConfigurationList section */
	};
	rootObject = 65D1EE691A1481C4000FFAFA /* Project object */;
}
